
Microsoft Visual Studio Solution File, Format Version 12.00
# Visual Studio Version 17
VisualStudioVersion = 17.2.32602.215
MinimumVisualStudioVersion = 10.0.40219.1
Project("{FAE04EC0-301F-11D3-BF4B-00C04F79EFBC}") = "assignment3", "assignment3\assignment3.csproj", "{A12A8F98-4DB9-4B49-8CD7-83E51CF92EE5}"
EndProject
Global
	GlobalSection(SolutionConfigurationPlatforms) = preSolution
		Debug|Any CPU = Debug|Any CPU
		Release|Any CPU = Release|Any CPU
	EndGlobalSection
	GlobalSection(ProjectConfigurationPlatforms) = postSolution
		{A12A8F98-4DB9-4B49-8CD7-83E51CF92EE5}.Debug|Any CPU.ActiveCfg = Debug|Any CPU
		{A12A8F98-4DB9-4B49-8CD7-83E51CF92EE5}.Debug|Any CPU.Build.0 = Debug|Any CPU
		{A12A8F98-4DB9-4B49-8CD7-83E51CF92EE5}.Release|Any CPU.ActiveCfg = Release|Any CPU
		{A12A8F98-4DB9-4B49-8CD7-83E51CF92EE5}.Release|Any CPU.Build.0 = Release|Any CPU
	EndGlobalSection
	GlobalSection(SolutionProperties) = preSolution
		HideSolutionNode = FALSE
	EndGlobalSection
	GlobalSection(ExtensibilityGlobals) = postSolution
		SolutionGuid = {75203DB4-A537-4808-900F-FE01826C8D4A}
	EndGlobalSection
EndGlobal
